
Microsoft Visual Studio Solution File, Format Version 12.00
# Visual Studio Version 17
VisualStudioVersion = 17.9.34622.214
MinimumVisualStudioVersion = 10.0.40219.1
Project("{9A19103F-16F7-4668-BE54-9A1E7A4F7556}") = "Demos", "CS\Demos\Demos.csproj", "{4E1D133E-4E36-45ED-B7DE-2B94EAE124EA}"
EndProject
Project("{9A19103F-16F7-4668-BE54-9A1E7A4F7556}") = "Exercises", "CS\Exercises\Exercises.csproj", "{287282C4-67EC-45CA-9499-C3F79F969AE0}"
EndProject
Project("{2150E333-8FDC-42A3-9474-1A3956D46DE8}") = "Solution Items", "Solution Items", "{26D56CC4-B73A-46DE-9320-20CE109FC47D}"
	ProjectSection(SolutionItems) = preProject
		.editorconfig = .editorconfig
		Code conventions.md = Code conventions.md
		CS\Demos.md = CS\Demos.md
		Directory.Build.props = Directory.Build.props
		CS\Effectief C# programmeren.pptx = CS\Effectief C# programmeren.pptx
		CS\Woordenlijst.md = CS\Woordenlijst.md
	EndProjectSection
EndProject
Global
	GlobalSection(SolutionConfigurationPlatforms) = preSolution
		Debug|Any CPU = Debug|Any CPU
		Release|Any CPU = Release|Any CPU
	EndGlobalSection
	GlobalSection(ProjectConfigurationPlatforms) = postSolution
		{4E1D133E-4E36-45ED-B7DE-2B94EAE124EA}.Debug|Any CPU.ActiveCfg = Debug|Any CPU
		{4E1D133E-4E36-45ED-B7DE-2B94EAE124EA}.Debug|Any CPU.Build.0 = Debug|Any CPU
		{4E1D133E-4E36-45ED-B7DE-2B94EAE124EA}.Release|Any CPU.ActiveCfg = Release|Any CPU
		{4E1D133E-4E36-45ED-B7DE-2B94EAE124EA}.Release|Any CPU.Build.0 = Release|Any CPU
		{287282C4-67EC-45CA-9499-C3F79F969AE0}.Debug|Any CPU.ActiveCfg = Debug|Any CPU
		{287282C4-67EC-45CA-9499-C3F79F969AE0}.Debug|Any CPU.Build.0 = Debug|Any CPU
		{287282C4-67EC-45CA-9499-C3F79F969AE0}.Release|Any CPU.ActiveCfg = Release|Any CPU
		{287282C4-67EC-45CA-9499-C3F79F969AE0}.Release|Any CPU.Build.0 = Release|Any CPU
	EndGlobalSection
	GlobalSection(SolutionProperties) = preSolution
		HideSolutionNode = FALSE
	EndGlobalSection
	GlobalSection(ExtensibilityGlobals) = postSolution
		SolutionGuid = {1A838324-BE79-4219-B810-8810375BAEDB}
	EndGlobalSection
	GlobalSection(TeamFoundationVersionControl) = preSolution
		SccNumberOfProjects = 3
		SccEnterpriseProvider = {4CA58AB2-18FA-4F8D-95D4-32DDF27D184C}
		SccTeamFoundationServer = https://pdtfs01.ad.afas.nl/tfs/defaultcollection
		SccLocalPath0 = .
		SccProjectUniqueName1 = CS\\Demos\\Demos.csproj
		SccProjectName1 = CS/Demos
		SccLocalPath1 = CS\\Demos
		SccProjectUniqueName2 = CS\\Exercises\\Exercises.csproj
		SccProjectName2 = CS/Exercises
		SccLocalPath2 = CS\\Exercises
	EndGlobalSection
EndGlobal
